// !$*UTF8*$!
{
	archiveVersion = 1;
	classes = {
	};
	objectVersion = 46;
	objects = {

/* Begin PBXFileReference section */
		0E89FB4619E427A9006D62D4 /* HPL_pddriver.c */ = {isa = PBXFileReference; fileEncoding = 4; lastKnownFileType = sourcecode.c.c; name = HPL_pddriver.c; path = ../testing/ptest/HPL_pddriver.c; sourceTree = "<group>"; };
		0E89FB4719E4280E006D62D4 /* HPL_pdtest.c */ = {isa = PBXFileReference; fileEncoding = 4; lastKnownFileType = sourcecode.c.c; name = HPL_pdtest.c; path = ../testing/ptest/HPL_pdtest.c; sourceTree = "<group>"; };
		0E89FB4819E42886006D62D4 /* HPL_pdgesv.c */ = {isa = PBXFileReference; fileEncoding = 4; lastKnownFileType = sourcecode.c.c; name = HPL_pdgesv.c; path = ../src/pgesv/HPL_pdgesv.c; sourceTree = "<group>"; };
		0E89FB4919E4289A006D62D4 /* HPL_pdgesv0.c */ = {isa = PBXFileReference; fileEncoding = 4; lastKnownFileType = sourcecode.c.c; name = HPL_pdgesv0.c; path = ../src/pgesv/HPL_pdgesv0.c; sourceTree = "<group>"; };
		0E89FB4A19E4298F006D62D4 /* HPL_pdinfo.c */ = {isa = PBXFileReference; fileEncoding = 4; lastKnownFileType = sourcecode.c.c; name = HPL_pdinfo.c; path = ../testing/ptest/HPL_pdinfo.c; sourceTree = "<group>"; };
		0E89FB4B19E42A0D006D62D4 /* HPL_pdupdateTT.c */ = {isa = PBXFileReference; fileEncoding = 4; lastKnownFileType = sourcecode.c.c; name = HPL_pdupdateTT.c; path = ../src/pgesv/HPL_pdupdateTT.c; sourceTree = "<group>"; };
/* End PBXFileReference section */

/* Begin PBXGroup section */
		0ED6EF7819E30C40002F91F1 = {
			isa = PBXGroup;
			children = (
				0E89FB4619E427A9006D62D4 /* HPL_pddriver.c */,
				0E89FB4B19E42A0D006D62D4 /* HPL_pdupdateTT.c */,
				0E89FB4A19E4298F006D62D4 /* HPL_pdinfo.c */,
				0E89FB4719E4280E006D62D4 /* HPL_pdtest.c */,
				0E89FB4819E42886006D62D4 /* HPL_pdgesv.c */,
				0E89FB4919E4289A006D62D4 /* HPL_pdgesv0.c */,
			);
			sourceTree = "<group>";
		};
/* End PBXGroup section */

/* Begin PBXLegacyTarget section */
		0ED6EF7D19E30C40002F91F1 /* hpl */ = {
			isa = PBXLegacyTarget;
			buildArgumentsString = "$(ACTION)";
			buildConfigurationList = 0ED6EF8019E30C40002F91F1 /* Build configuration list for PBXLegacyTarget "hpl" */;
			buildPhases = (
			);
			buildToolPath = /usr/bin/make;
			dependencies = (
			);
			name = hpl;
			passBuildSettingsInEnvironment = 1;
			productName = hpl;
		};
/* End PBXLegacyTarget section */

/* Begin PBXProject section */
		0ED6EF7919E30C40002F91F1 /* Project object */ = {
			isa = PBXProject;
			attributes = {
				LastUpgradeCheck = 0610;
				ORGANIZATIONNAME = "Piotr Luszczek";
				TargetAttributes = {
					0ED6EF7D19E30C40002F91F1 = {
						CreatedOnToolsVersion = 6.1;
					};
				};
			};
			buildConfigurationList = 0ED6EF7C19E30C40002F91F1 /* Build configuration list for PBXProject "hpl" */;
			compatibilityVersion = "Xcode 3.2";
			developmentRegion = English;
			hasScannedForEncodings = 0;
			knownRegions = (
				en,
			);
			mainGroup = 0ED6EF7819E30C40002F91F1;
			projectDirPath = "";
			projectRoot = "";
			targets = (
				0ED6EF7D19E30C40002F91F1 /* hpl */,
			);
		};
/* End PBXProject section */

/* Begin XCBuildConfiguration section */
		0ED6EF7E19E30C40002F91F1 /* Debug */ = {
			isa = XCBuildConfiguration;
			buildSettings = {
				ALWAYS_SEARCH_USER_PATHS = NO;
				CLANG_CXX_LANGUAGE_STANDARD = "gnu++0x";
				CLANG_CXX_LIBRARY = "libc++";
				CLANG_ENABLE_MODULES = YES;
				CLANG_ENABLE_OBJC_ARC = YES;
				CLANG_WARN_BOOL_CONVERSION = YES;
				CLANG_WARN_CONSTANT_CONVERSION = YES;
				CLANG_WARN_DIRECT_OBJC_ISA_USAGE = YES_ERROR;
				CLANG_WARN_EMPTY_BODY = YES;
				CLANG_WARN_ENUM_CONVERSION = YES;
				CLANG_WARN_INT_CONVERSION = YES;
				CLANG_WARN_OBJC_ROOT_CLASS = YES_ERROR;
				CLANG_WARN_UNREACHABLE_CODE = YES;
				CLANG_WARN__DUPLICATE_METHOD_MATCH = YES;
				COPY_PHASE_STRIP = NO;
				ENABLE_STRICT_OBJC_MSGSEND = YES;
				GCC_C_LANGUAGE_STANDARD = gnu99;
				GCC_DYNAMIC_NO_PIC = NO;
				GCC_OPTIMIZATION_LEVEL = 0;
				GCC_PREPROCESSOR_DEFINITIONS = (
					"DEBUG=1",
					"$(inherited)",
				);
				GCC_SYMBOLS_PRIVATE_EXTERN = NO;
				GCC_WARN_64_TO_32_BIT_CONVERSION = YES;
				GCC_WARN_ABOUT_RETURN_TYPE = YES_ERROR;
				GCC_WARN_UNDECLARED_SELECTOR = YES;
				GCC_WARN_UNINITIALIZED_AUTOS = YES_AGGRESSIVE;
				GCC_WARN_UNUSED_FUNCTION = YES;
				GCC_WARN_UNUSED_VARIABLE = YES;
				MACOSX_DEPLOYMENT_TARGET = 10.10;
				MTL_ENABLE_DEBUG_INFO = YES;
				ONLY_ACTIVE_ARCH = YES;
				SDKROOT = macosx;
			};
			name = Debug;
		};
		0ED6EF7F19E30C40002F91F1 /* Release */ = {
			isa = XCBuildConfiguration;
			buildSettings = {
				ALWAYS_SEARCH_USER_PATHS = NO;
				CLANG_CXX_LANGUAGE_STANDARD = "gnu++0x";
				CLANG_CXX_LIBRARY = "libc++";
				CLANG_ENABLE_MODULES = YES;
				CLANG_ENABLE_OBJC_ARC = YES;
				CLANG_WARN_BOOL_CONVERSION = YES;
				CLANG_WARN_CONSTANT_CONVERSION = YES;
				CLANG_WARN_DIRECT_OBJC_ISA_USAGE = YES_ERROR;
				CLANG_WARN_EMPTY_BODY = YES;
				CLANG_WARN_ENUM_CONVERSION = YES;
				CLANG_WARN_INT_CONVERSION = YES;
				CLANG_WARN_OBJC_ROOT_CLASS = YES_ERROR;
				CLANG_WARN_UNREACHABLE_CODE = YES;
				CLANG_WARN__DUPLICATE_METHOD_MATCH = YES;
				COPY_PHASE_STRIP = YES;
				DEBUG_INFORMATION_FORMAT = "dwarf-with-dsym";
				ENABLE_NS_ASSERTIONS = NO;
				ENABLE_STRICT_OBJC_MSGSEND = YES;
				GCC_C_LANGUAGE_STANDARD = gnu99;
				GCC_WARN_64_TO_32_BIT_CONVERSION = YES;
				GCC_WARN_ABOUT_RETURN_TYPE = YES_ERROR;
				GCC_WARN_UNDECLARED_SELECTOR = YES;
				GCC_WARN_UNINITIALIZED_AUTOS = YES_AGGRESSIVE;
				GCC_WARN_UNUSED_FUNCTION = YES;
				GCC_WARN_UNUSED_VARIABLE = YES;
				MACOSX_DEPLOYMENT_TARGET = 10.10;
				MTL_ENABLE_DEBUG_INFO = NO;
				SDKROOT = macosx;
			};
			name = Release;
		};
		0ED6EF8119E30C40002F91F1 /* Debug */ = {
			isa = XCBuildConfiguration;
			buildSettings = {
				DEBUGGING_SYMBOLS = YES;
				GCC_GENERATE_DEBUGGING_SYMBOLS = YES;
				GCC_OPTIMIZATION_LEVEL = 0;
				OTHER_CFLAGS = "";
				OTHER_LDFLAGS = "";
				PRODUCT_NAME = "$(TARGET_NAME)";
			};
			name = Debug;
		};
		0ED6EF8219E30C40002F91F1 /* Release */ = {
			isa = XCBuildConfiguration;
			buildSettings = {
				OTHER_CFLAGS = "";
				OTHER_LDFLAGS = "";
				PRODUCT_NAME = "$(TARGET_NAME)";
			};
			name = Release;
		};
/* End XCBuildConfiguration section */

/* Begin XCConfigurationList section */
		0ED6EF7C19E30C40002F91F1 /* Build configuration list for PBXProject "hpl" */ = {
			isa = XCConfigurationList;
			buildConfigurations = (
				0ED6EF7E19E30C40002F91F1 /* Debug */,
				0ED6EF7F19E30C40002F91F1 /* Release */,
			);
			defaultConfigurationIsVisible = 0;
			defaultConfigurationName = Release;
		};
		0ED6EF8019E30C40002F91F1 /* Build configuration list for PBXLegacyTarget "hpl" */ = {
			isa = XCConfigurationList;
			buildConfigurations = (
				0ED6EF8119E30C40002F91F1 /* Debug */,
				0ED6EF8219E30C40002F91F1 /* Release */,
			);
			defaultConfigurationIsVisible = 0;
			defaultConfigurationName = Release;
		};
/* End XCConfigurationList section */
	};
	rootObject = 0ED6EF7919E30C40002F91F1 /* Project object */;
}
